
Microsoft Visual Studio Solution File, Format Version 12.00
# Visual Studio Version 17
VisualStudioVersion = 17.12.35506.116
MinimumVisualStudioVersion = 10.0.40219.1
Project("{FAE04EC0-301F-11D3-BF4B-00C04F79EFBC}") = "classTask1", "classTask1.csproj", "{C16DADF7-0D55-474D-8F3A-CB6A3FC91D33}"
EndProject
Project("{FAE04EC0-301F-11D3-BF4B-00C04F79EFBC}") = "LibTask2", "..\LibTask1.2\LibTask2.csproj", "{BD5FB48B-7849-4FBD-A545-08E80C2B117A}"
EndProject
Project("{FAE04EC0-301F-11D3-BF4B-00C04F79EFBC}") = "classTask2", "..\classTask1.2\classTask2.csproj", "{8B8791A7-8610-4FE0-B5DC-740005927095}"
EndProject
Project("{2150E333-8FDC-42A3-9474-1A3956D46DE8}") = "Task1", "Task1", "{680F3E24-F1C3-4FDD-BF3F-AEC2F9A6BE7C}"
EndProject
Project("{2150E333-8FDC-42A3-9474-1A3956D46DE8}") = "Task1.3", "Task1.3", "{EB958AC0-2EBB-4B47-8430-DCAE23285B9C}"
EndProject
Project("{2150E333-8FDC-42A3-9474-1A3956D46DE8}") = "Task1.2", "Task1.2", "{A1661FAD-A01A-4565-B8F6-91F6FEFA3686}"
EndProject
Project("{2150E333-8FDC-42A3-9474-1A3956D46DE8}") = "Task1.1", "Task1.1", "{B1CDB86D-6B17-4DF7-9E59-E2342FD929FA}"
EndProject
Project("{FAE04EC0-301F-11D3-BF4B-00C04F79EFBC}") = "classTask3", "..\classTask3\classTask3.csproj", "{E05DD7D2-AB43-4881-84B5-EEE0B60020DD}"
EndProject
Global
	GlobalSection(SolutionConfigurationPlatforms) = preSolution
		Debug|Any CPU = Debug|Any CPU
		Release|Any CPU = Release|Any CPU
	EndGlobalSection
	GlobalSection(ProjectConfigurationPlatforms) = postSolution
		{C16DADF7-0D55-474D-8F3A-CB6A3FC91D33}.Debug|Any CPU.ActiveCfg = Debug|Any CPU
		{C16DADF7-0D55-474D-8F3A-CB6A3FC91D33}.Debug|Any CPU.Build.0 = Debug|Any CPU
		{C16DADF7-0D55-474D-8F3A-CB6A3FC91D33}.Release|Any CPU.ActiveCfg = Release|Any CPU
		{C16DADF7-0D55-474D-8F3A-CB6A3FC91D33}.Release|Any CPU.Build.0 = Release|Any CPU
		{BD5FB48B-7849-4FBD-A545-08E80C2B117A}.Debug|Any CPU.ActiveCfg = Debug|Any CPU
		{BD5FB48B-7849-4FBD-A545-08E80C2B117A}.Debug|Any CPU.Build.0 = Debug|Any CPU
		{BD5FB48B-7849-4FBD-A545-08E80C2B117A}.Release|Any CPU.ActiveCfg = Release|Any CPU
		{BD5FB48B-7849-4FBD-A545-08E80C2B117A}.Release|Any CPU.Build.0 = Release|Any CPU
		{8B8791A7-8610-4FE0-B5DC-740005927095}.Debug|Any CPU.ActiveCfg = Debug|Any CPU
		{8B8791A7-8610-4FE0-B5DC-740005927095}.Debug|Any CPU.Build.0 = Debug|Any CPU
		{8B8791A7-8610-4FE0-B5DC-740005927095}.Release|Any CPU.ActiveCfg = Release|Any CPU
		{8B8791A7-8610-4FE0-B5DC-740005927095}.Release|Any CPU.Build.0 = Release|Any CPU
		{E05DD7D2-AB43-4881-84B5-EEE0B60020DD}.Debug|Any CPU.ActiveCfg = Debug|Any CPU
		{E05DD7D2-AB43-4881-84B5-EEE0B60020DD}.Debug|Any CPU.Build.0 = Debug|Any CPU
		{E05DD7D2-AB43-4881-84B5-EEE0B60020DD}.Release|Any CPU.ActiveCfg = Release|Any CPU
		{E05DD7D2-AB43-4881-84B5-EEE0B60020DD}.Release|Any CPU.Build.0 = Release|Any CPU
	EndGlobalSection
	GlobalSection(SolutionProperties) = preSolution
		HideSolutionNode = FALSE
	EndGlobalSection
	GlobalSection(NestedProjects) = preSolution
		{C16DADF7-0D55-474D-8F3A-CB6A3FC91D33} = {B1CDB86D-6B17-4DF7-9E59-E2342FD929FA}
		{BD5FB48B-7849-4FBD-A545-08E80C2B117A} = {A1661FAD-A01A-4565-B8F6-91F6FEFA3686}
		{8B8791A7-8610-4FE0-B5DC-740005927095} = {A1661FAD-A01A-4565-B8F6-91F6FEFA3686}
		{EB958AC0-2EBB-4B47-8430-DCAE23285B9C} = {680F3E24-F1C3-4FDD-BF3F-AEC2F9A6BE7C}
		{A1661FAD-A01A-4565-B8F6-91F6FEFA3686} = {680F3E24-F1C3-4FDD-BF3F-AEC2F9A6BE7C}
		{B1CDB86D-6B17-4DF7-9E59-E2342FD929FA} = {680F3E24-F1C3-4FDD-BF3F-AEC2F9A6BE7C}
		{E05DD7D2-AB43-4881-84B5-EEE0B60020DD} = {EB958AC0-2EBB-4B47-8430-DCAE23285B9C}
	EndGlobalSection
EndGlobal
